
Microsoft Visual Studio Solution File, Format Version 12.00
# Visual Studio Version 17
VisualStudioVersion = 17.14.36212.18
MinimumVisualStudioVersion = 10.0.40219.1
Project("{2150E333-8FDC-42A3-9474-1A3956D46DE8}") = "Services", "Services", "{02EA681E-C7D8-13C7-8484-4AC65E1B71E8}"
EndProject
Project("{2150E333-8FDC-42A3-9474-1A3956D46DE8}") = "Catalog", "Catalog", "{7803C728-30B8-4666-A2D5-33D73CB8DD63}"
EndProject
Project("{FAE04EC0-301F-11D3-BF4B-00C04F79EFBC}") = "Catalog.Api", "Services\Catalog\Catalog.Api\Catalog.Api.csproj", "{EB86D459-BA4A-4C43-966A-625624B11110}"
EndProject
Project("{FAE04EC0-301F-11D3-BF4B-00C04F79EFBC}") = "Catalog.Core", "Services\Catalog\Catalog.Core\Catalog.Core.csproj", "{9E231E9A-78E9-4AA0-B11D-FDA81D9EEA14}"
EndProject
Project("{FAE04EC0-301F-11D3-BF4B-00C04F79EFBC}") = "Catalog.Application", "Services\Catalog\Catalog.Application\Catalog.Application.csproj", "{01134B08-AB31-4CB2-822E-4C37F8628A4C}"
EndProject
Project("{FAE04EC0-301F-11D3-BF4B-00C04F79EFBC}") = "Catalog.Infrastructure", "Services\Catalog\Catalog.Infrastructure\Catalog.Infrastructure.csproj", "{FE9980D7-587A-4945-A7F9-A2FEBB4BCC05}"
EndProject
Project("{E53339B2-1760-4266-BCC7-CA923CBCF16C}") = "docker-compose", "docker-compose.dcproj", "{81DDED9D-158B-E303-5F62-77A2896D2A5A}"
EndProject
Project("{2150E333-8FDC-42A3-9474-1A3956D46DE8}") = "Basket", "Basket", "{181DA318-1CB2-4978-8022-1D69EB912561}"
EndProject
Project("{FAE04EC0-301F-11D3-BF4B-00C04F79EFBC}") = "Basket.Api", "Services\Basket\Basket.Api\Basket.Api.csproj", "{6D6A98D6-2042-4961-A633-132FD1EBE8DF}"
EndProject
Project("{FAE04EC0-301F-11D3-BF4B-00C04F79EFBC}") = "Basket.Application", "Services\Basket\Basket.Application\Basket.Application.csproj", "{99EFBECE-E4F9-4DC4-BBDC-606E82A04C22}"
EndProject
Project("{FAE04EC0-301F-11D3-BF4B-00C04F79EFBC}") = "Basket.Infrastructure", "Services\Basket\Basket.Infrastructure\Basket.Infrastructure.csproj", "{F9321A6B-716F-4FE5-80B3-415D6BC79D7D}"
EndProject
Project("{FAE04EC0-301F-11D3-BF4B-00C04F79EFBC}") = "Basket.Core", "Services\Basket\Basket.Core\Basket.Core.csproj", "{21D2792A-103A-4848-934A-83E75F5570BA}"
EndProject
Global
	GlobalSection(SolutionConfigurationPlatforms) = preSolution
		Debug|Any CPU = Debug|Any CPU
		Release|Any CPU = Release|Any CPU
	EndGlobalSection
	GlobalSection(ProjectConfigurationPlatforms) = postSolution
		{EB86D459-BA4A-4C43-966A-625624B11110}.Debug|Any CPU.ActiveCfg = Debug|Any CPU
		{EB86D459-BA4A-4C43-966A-625624B11110}.Debug|Any CPU.Build.0 = Debug|Any CPU
		{EB86D459-BA4A-4C43-966A-625624B11110}.Release|Any CPU.ActiveCfg = Release|Any CPU
		{EB86D459-BA4A-4C43-966A-625624B11110}.Release|Any CPU.Build.0 = Release|Any CPU
		{9E231E9A-78E9-4AA0-B11D-FDA81D9EEA14}.Debug|Any CPU.ActiveCfg = Debug|Any CPU
		{9E231E9A-78E9-4AA0-B11D-FDA81D9EEA14}.Debug|Any CPU.Build.0 = Debug|Any CPU
		{9E231E9A-78E9-4AA0-B11D-FDA81D9EEA14}.Release|Any CPU.ActiveCfg = Release|Any CPU
		{9E231E9A-78E9-4AA0-B11D-FDA81D9EEA14}.Release|Any CPU.Build.0 = Release|Any CPU
		{01134B08-AB31-4CB2-822E-4C37F8628A4C}.Debug|Any CPU.ActiveCfg = Debug|Any CPU
		{01134B08-AB31-4CB2-822E-4C37F8628A4C}.Debug|Any CPU.Build.0 = Debug|Any CPU
		{01134B08-AB31-4CB2-822E-4C37F8628A4C}.Release|Any CPU.ActiveCfg = Release|Any CPU
		{01134B08-AB31-4CB2-822E-4C37F8628A4C}.Release|Any CPU.Build.0 = Release|Any CPU
		{FE9980D7-587A-4945-A7F9-A2FEBB4BCC05}.Debug|Any CPU.ActiveCfg = Debug|Any CPU
		{FE9980D7-587A-4945-A7F9-A2FEBB4BCC05}.Debug|Any CPU.Build.0 = Debug|Any CPU
		{FE9980D7-587A-4945-A7F9-A2FEBB4BCC05}.Release|Any CPU.ActiveCfg = Release|Any CPU
		{FE9980D7-587A-4945-A7F9-A2FEBB4BCC05}.Release|Any CPU.Build.0 = Release|Any CPU
		{81DDED9D-158B-E303-5F62-77A2896D2A5A}.Debug|Any CPU.ActiveCfg = Debug|Any CPU
		{81DDED9D-158B-E303-5F62-77A2896D2A5A}.Debug|Any CPU.Build.0 = Debug|Any CPU
		{81DDED9D-158B-E303-5F62-77A2896D2A5A}.Release|Any CPU.ActiveCfg = Release|Any CPU
		{81DDED9D-158B-E303-5F62-77A2896D2A5A}.Release|Any CPU.Build.0 = Release|Any CPU
		{6D6A98D6-2042-4961-A633-132FD1EBE8DF}.Debug|Any CPU.ActiveCfg = Debug|Any CPU
		{6D6A98D6-2042-4961-A633-132FD1EBE8DF}.Debug|Any CPU.Build.0 = Debug|Any CPU
		{6D6A98D6-2042-4961-A633-132FD1EBE8DF}.Release|Any CPU.ActiveCfg = Release|Any CPU
		{6D6A98D6-2042-4961-A633-132FD1EBE8DF}.Release|Any CPU.Build.0 = Release|Any CPU
		{99EFBECE-E4F9-4DC4-BBDC-606E82A04C22}.Debug|Any CPU.ActiveCfg = Debug|Any CPU
		{99EFBECE-E4F9-4DC4-BBDC-606E82A04C22}.Debug|Any CPU.Build.0 = Debug|Any CPU
		{99EFBECE-E4F9-4DC4-BBDC-606E82A04C22}.Release|Any CPU.ActiveCfg = Release|Any CPU
		{99EFBECE-E4F9-4DC4-BBDC-606E82A04C22}.Release|Any CPU.Build.0 = Release|Any CPU
		{F9321A6B-716F-4FE5-80B3-415D6BC79D7D}.Debug|Any CPU.ActiveCfg = Debug|Any CPU
		{F9321A6B-716F-4FE5-80B3-415D6BC79D7D}.Debug|Any CPU.Build.0 = Debug|Any CPU
		{F9321A6B-716F-4FE5-80B3-415D6BC79D7D}.Release|Any CPU.ActiveCfg = Release|Any CPU
		{F9321A6B-716F-4FE5-80B3-415D6BC79D7D}.Release|Any CPU.Build.0 = Release|Any CPU
		{21D2792A-103A-4848-934A-83E75F5570BA}.Debug|Any CPU.ActiveCfg = Debug|Any CPU
		{21D2792A-103A-4848-934A-83E75F5570BA}.Debug|Any CPU.Build.0 = Debug|Any CPU
		{21D2792A-103A-4848-934A-83E75F5570BA}.Release|Any CPU.ActiveCfg = Release|Any CPU
		{21D2792A-103A-4848-934A-83E75F5570BA}.Release|Any CPU.Build.0 = Release|Any CPU
	EndGlobalSection
	GlobalSection(SolutionProperties) = preSolution
		HideSolutionNode = FALSE
	EndGlobalSection
	GlobalSection(NestedProjects) = preSolution
		{7803C728-30B8-4666-A2D5-33D73CB8DD63} = {02EA681E-C7D8-13C7-8484-4AC65E1B71E8}
		{EB86D459-BA4A-4C43-966A-625624B11110} = {7803C728-30B8-4666-A2D5-33D73CB8DD63}
		{9E231E9A-78E9-4AA0-B11D-FDA81D9EEA14} = {7803C728-30B8-4666-A2D5-33D73CB8DD63}
		{01134B08-AB31-4CB2-822E-4C37F8628A4C} = {7803C728-30B8-4666-A2D5-33D73CB8DD63}
		{FE9980D7-587A-4945-A7F9-A2FEBB4BCC05} = {7803C728-30B8-4666-A2D5-33D73CB8DD63}
		{181DA318-1CB2-4978-8022-1D69EB912561} = {02EA681E-C7D8-13C7-8484-4AC65E1B71E8}
		{6D6A98D6-2042-4961-A633-132FD1EBE8DF} = {181DA318-1CB2-4978-8022-1D69EB912561}
		{99EFBECE-E4F9-4DC4-BBDC-606E82A04C22} = {181DA318-1CB2-4978-8022-1D69EB912561}
		{F9321A6B-716F-4FE5-80B3-415D6BC79D7D} = {181DA318-1CB2-4978-8022-1D69EB912561}
		{21D2792A-103A-4848-934A-83E75F5570BA} = {181DA318-1CB2-4978-8022-1D69EB912561}
	EndGlobalSection
	GlobalSection(ExtensibilityGlobals) = postSolution
		SolutionGuid = {515C7118-1AC6-4C4D-842B-8AED5B8B98FC}
	EndGlobalSection
EndGlobal
